
Microsoft Visual Studio Solution File, Format Version 12.00
# Visual Studio Version 16
VisualStudioVersion = 16.0.31613.86
MinimumVisualStudioVersion = 10.0.40219.1
Project("{FAE04EC0-301F-11D3-BF4B-00C04F79EFBC}") = "SelinumCodeNETCore", "SelinumCodeNETCore\SelinumCodeNETCore.csproj", "{8E34F881-1EB5-411C-8EB4-A7931F696F6F}"
EndProject
Global
	GlobalSection(SolutionConfigurationPlatforms) = preSolution
		Debug|Any CPU = Debug|Any CPU
		Release|Any CPU = Release|Any CPU
	EndGlobalSection
	GlobalSection(ProjectConfigurationPlatforms) = postSolution
		{8E34F881-1EB5-411C-8EB4-A7931F696F6F}.Debug|Any CPU.ActiveCfg = Debug|Any CPU
		{8E34F881-1EB5-411C-8EB4-A7931F696F6F}.Debug|Any CPU.Build.0 = Debug|Any CPU
		{8E34F881-1EB5-411C-8EB4-A7931F696F6F}.Release|Any CPU.ActiveCfg = Release|Any CPU
		{8E34F881-1EB5-411C-8EB4-A7931F696F6F}.Release|Any CPU.Build.0 = Release|Any CPU
	EndGlobalSection
	GlobalSection(SolutionProperties) = preSolution
		HideSolutionNode = FALSE
	EndGlobalSection
	GlobalSection(ExtensibilityGlobals) = postSolution
		SolutionGuid = {7CD2E563-EA34-46E1-82E8-2AE198050FCC}
	EndGlobalSection
EndGlobal
